
Microsoft Visual Studio Solution File, Format Version 12.00
# Visual Studio 15
VisualStudioVersion = 15.0.27428.2005
MinimumVisualStudioVersion = 10.0.40219.1
Project("{FAE04EC0-301F-11D3-BF4B-00C04F79EFBC}") = "DoukutsuDebug", "DoukutsuDebug\DoukutsuDebug.csproj", "{A70A642A-0831-4D65-9F5B-7D590112F457}"
EndProject
Global
	GlobalSection(SolutionConfigurationPlatforms) = preSolution
		Debug|Any CPU = Debug|Any CPU
		Release|Any CPU = Release|Any CPU
	EndGlobalSection
	GlobalSection(ProjectConfigurationPlatforms) = postSolution
		{A70A642A-0831-4D65-9F5B-7D590112F457}.Debug|Any CPU.ActiveCfg = Debug|Any CPU
		{A70A642A-0831-4D65-9F5B-7D590112F457}.Debug|Any CPU.Build.0 = Debug|Any CPU
		{A70A642A-0831-4D65-9F5B-7D590112F457}.Release|Any CPU.ActiveCfg = Release|Any CPU
		{A70A642A-0831-4D65-9F5B-7D590112F457}.Release|Any CPU.Build.0 = Release|Any CPU
	EndGlobalSection
	GlobalSection(SolutionProperties) = preSolution
		HideSolutionNode = FALSE
	EndGlobalSection
	GlobalSection(ExtensibilityGlobals) = postSolution
		SolutionGuid = {BE9D6FDB-09FD-48E1-B080-87939525A341}
	EndGlobalSection
EndGlobal
